{
    "_meta": {
        "hash": {
            "sha256": "05dd825d8167870c74edf3391b2f95773261794e8f4367490c8361f617a8ad7d"
        },
        "pipfile-spec": 6,
        "requires": {
            "python_version": "3.10"
        },
        "sources": [
            {
                "name": "pypi",
                "url": "https://pypi.org/simple",
                "verify_ssl": true
            }
        ]
    },
    "default": {
        "pysimplegui": {
            "hashes": [
                "sha256:75ec46694dc975c0e46be8c57a774e038433b53095821d67be3b221aca3fd68d",
                "sha256:dc62d5722c0a46d709bc8706590b5d47593bd2ed8c1d306ecfee6c05fb6711f5"
            ],
            "index": "pypi",
            "version": "==4.60.3"
        },
        "python-xlib": {
            "hashes": [
                "sha256:1ec6ce0de73d9e6592ead666779a5732b384e5b8fb1f1886bd0a81cafa477759",
                "sha256:74d83a081f532bc07f6d7afcd6416ec38403d68f68b9b9dc9e1f28fbf2d799e9"
            ],
            "index": "pypi",
            "version": "==0.31"
        },
        "six": {
            "hashes": [
                "sha256:1e61c37477a1626458e36f7b1d82aa5c9b094fa4802892072e49de9c60c4c926",
                "sha256:8abb2f1d86890a2dfb989f9a77cfcfd3e47c2a354b01111771326f8aa26e0254"
            ],
            "markers": "python_version >= '2.7' and python_version not in '3.0, 3.1, 3.2, 3.3'",
            "version": "==1.16.0"
        }
    },
    "develop": {}
}
